
Microsoft Visual Studio Solution File, Format Version 12.00
# Visual Studio Version 16
VisualStudioVersion = 16.0.31105.61
MinimumVisualStudioVersion = 10.0.40219.1
Project("{FAE04EC0-301F-11D3-BF4B-00C04F79EFBC}") = "TestClassLibrary", "TestClassLibrary\TestClassLibrary.csproj", "{47734351-7A1F-4115-BF08-B63D6801A96A}"
EndProject
Global
	GlobalSection(SolutionConfigurationPlatforms) = preSolution
		Debug|Any CPU = Debug|Any CPU
		Release|Any CPU = Release|Any CPU
	EndGlobalSection
	GlobalSection(ProjectConfigurationPlatforms) = postSolution
		{47734351-7A1F-4115-BF08-B63D6801A96A}.Debug|Any CPU.ActiveCfg = Debug|Any CPU
		{47734351-7A1F-4115-BF08-B63D6801A96A}.Debug|Any CPU.Build.0 = Debug|Any CPU
		{47734351-7A1F-4115-BF08-B63D6801A96A}.Release|Any CPU.ActiveCfg = Release|Any CPU
		{47734351-7A1F-4115-BF08-B63D6801A96A}.Release|Any CPU.Build.0 = Release|Any CPU
	EndGlobalSection
	GlobalSection(SolutionProperties) = preSolution
		HideSolutionNode = FALSE
	EndGlobalSection
	GlobalSection(ExtensibilityGlobals) = postSolution
		SolutionGuid = {64BD5A19-AA9B-453C-BBFB-C370AD2399EB}
	EndGlobalSection
EndGlobal
